// !$*UTF8*$!
{
	archiveVersion = 1;
	classes = {
	};
	objectVersion = 56;
	objects = {

/* Begin PBXBuildFile section */
		440639732A8CB15000EDB546 /* PlacesService.swift in Sources */ = {isa = PBXBuildFile; fileRef = 440639722A8CB15000EDB546 /* PlacesService.swift */; };
		44145C5E2A86880E007D4265 /* PlaceMapAnnotationView.swift in Sources */ = {isa = PBXBuildFile; fileRef = 44145C5D2A86880E007D4265 /* PlaceMapAnnotationView.swift */; };
		442593B32AA0883A00FD1058 /* ImageStorage.swift in Sources */ = {isa = PBXBuildFile; fileRef = 442593B22AA0883A00FD1058 /* ImageStorage.swift */; };
		442F90BF2A95037F005983B6 /* KindButtonInToolbar.swift in Sources */ = {isa = PBXBuildFile; fileRef = 442F90BE2A95037F005983B6 /* KindButtonInToolbar.swift */; };
		4441E2622A9234D0006C9A62 /* String.swift in Sources */ = {isa = PBXBuildFile; fileRef = 4441E2612A9234D0006C9A62 /* String.swift */; };
		4441F5482A8F699B00E90519 /* Image.swift in Sources */ = {isa = PBXBuildFile; fileRef = 4441F5472A8F699B00E90519 /* Image.swift */; };
		445DBDD82A82755400B01FAA /* PlacesViewModel.swift in Sources */ = {isa = PBXBuildFile; fileRef = 445DBDD72A82755400B01FAA /* PlacesViewModel.swift */; };
		445DBDDB2A82789900B01FAA /* PlacesObservableObject.swift in Sources */ = {isa = PBXBuildFile; fileRef = 445DBDDA2A82789900B01FAA /* PlacesObservableObject.swift */; };
		445DBDDD2A827D3600B01FAA /* PlaceDetailViewModel.swift in Sources */ = {isa = PBXBuildFile; fileRef = 445DBDDC2A827D3600B01FAA /* PlaceDetailViewModel.swift */; };
		445DBDDF2A8283D800B01FAA /* Coordinator.swift in Sources */ = {isa = PBXBuildFile; fileRef = 445DBDDE2A8283D800B01FAA /* Coordinator.swift */; };
		446531592A7AC912001DF5C4 /* PlacesMapView.swift in Sources */ = {isa = PBXBuildFile; fileRef = 446531582A7AC912001DF5C4 /* PlacesMapView.swift */; };
		4465315C2A7ACE58001DF5C4 /* ActivityIndicatorView in Frameworks */ = {isa = PBXBuildFile; productRef = 4465315B2A7ACE58001DF5C4 /* ActivityIndicatorView */; };
		4483CD5B2A700352004614DF /* PlacesView.swift in Sources */ = {isa = PBXBuildFile; fileRef = 4483CD5A2A700352004614DF /* PlacesView.swift */; };
		4483CD5D2A7004E3004614DF /* PlacesRow.swift in Sources */ = {isa = PBXBuildFile; fileRef = 4483CD5C2A7004E3004614DF /* PlacesRow.swift */; };
		44880EBC2A998AB000197AA1 /* Int.swift in Sources */ = {isa = PBXBuildFile; fileRef = 44880EBB2A998AB000197AA1 /* Int.swift */; };
		4499C7902A71061F007F6C1C /* Places.swift in Sources */ = {isa = PBXBuildFile; fileRef = 4499C78F2A71061F007F6C1C /* Places.swift */; };
		4499C7922A71062F007F6C1C /* Place.swift in Sources */ = {isa = PBXBuildFile; fileRef = 4499C7912A71062F007F6C1C /* Place.swift */; };
		4499C7942A710643007F6C1C /* Point.swift in Sources */ = {isa = PBXBuildFile; fileRef = 4499C7932A710643007F6C1C /* Point.swift */; };
		4499C7962A71064E007F6C1C /* Attributes.swift in Sources */ = {isa = PBXBuildFile; fileRef = 4499C7952A71064E007F6C1C /* Attributes.swift */; };
		4499C7982A7106FA007F6C1C /* Kind.swift in Sources */ = {isa = PBXBuildFile; fileRef = 4499C7972A7106FA007F6C1C /* Kind.swift */; };
		4499C79A2A710712007F6C1C /* PossibleKind.swift in Sources */ = {isa = PBXBuildFile; fileRef = 4499C7992A710712007F6C1C /* PossibleKind.swift */; };
		44B4300B2A83DAF9005D9326 /* Color.swift in Sources */ = {isa = PBXBuildFile; fileRef = 44B4300A2A83DAF9005D9326 /* Color.swift */; };
		44C649D72A9087DD00A5369F /* PlaceInfoRow.swift in Sources */ = {isa = PBXBuildFile; fileRef = 44C649D62A9087DD00A5369F /* PlaceInfoRow.swift */; };
		44C93BCD2A79335A00DD287B /* PlaceDetailView.swift in Sources */ = {isa = PBXBuildFile; fileRef = 44C93BCC2A79335A00DD287B /* PlaceDetailView.swift */; };
		44CDD1782A941A6200452808 /* ToolbarButtonView.swift in Sources */ = {isa = PBXBuildFile; fileRef = 44CDD1772A941A6200452808 /* ToolbarButtonView.swift */; };
		44D2CBD62A996D6C00373DAD /* LocationManager.swift in Sources */ = {isa = PBXBuildFile; fileRef = 44D2CBD52A996D6C00373DAD /* LocationManager.swift */; };
		44DBA79A2AA87509001A9C23 /* SearchBarView.swift in Sources */ = {isa = PBXBuildFile; fileRef = 44DBA7992AA87509001A9C23 /* SearchBarView.swift */; };
		44EA42812A7AE502008DB6C3 /* FavoritesPlacesView.swift in Sources */ = {isa = PBXBuildFile; fileRef = 44EA42802A7AE502008DB6C3 /* FavoritesPlacesView.swift */; };
		C05610492A5C78CA007FB970 /* DevAcademyApp.swift in Sources */ = {isa = PBXBuildFile; fileRef = C05610482A5C78CA007FB970 /* DevAcademyApp.swift */; };
		C056104B2A5C78CA007FB970 /* RootView.swift in Sources */ = {isa = PBXBuildFile; fileRef = C056104A2A5C78CA007FB970 /* RootView.swift */; };
		C056104D2A5C78CB007FB970 /* Assets.xcassets in Resources */ = {isa = PBXBuildFile; fileRef = C056104C2A5C78CB007FB970 /* Assets.xcassets */; };
		C05610502A5C78CB007FB970 /* Preview Assets.xcassets in Resources */ = {isa = PBXBuildFile; fileRef = C056104F2A5C78CB007FB970 /* Preview Assets.xcassets */; };
/* End PBXBuildFile section */

/* Begin PBXFileReference section */
		440639722A8CB15000EDB546 /* PlacesService.swift */ = {isa = PBXFileReference; lastKnownFileType = sourcecode.swift; path = PlacesService.swift; sourceTree = "<group>"; };
		44145C5D2A86880E007D4265 /* PlaceMapAnnotationView.swift */ = {isa = PBXFileReference; lastKnownFileType = sourcecode.swift; path = PlaceMapAnnotationView.swift; sourceTree = "<group>"; };
		442593B22AA0883A00FD1058 /* ImageStorage.swift */ = {isa = PBXFileReference; lastKnownFileType = sourcecode.swift; path = ImageStorage.swift; sourceTree = "<group>"; };
		442F90BE2A95037F005983B6 /* KindButtonInToolbar.swift */ = {isa = PBXFileReference; lastKnownFileType = sourcecode.swift; path = KindButtonInToolbar.swift; sourceTree = "<group>"; };
		4441E2612A9234D0006C9A62 /* String.swift */ = {isa = PBXFileReference; lastKnownFileType = sourcecode.swift; path = String.swift; sourceTree = "<group>"; };
		4441F5472A8F699B00E90519 /* Image.swift */ = {isa = PBXFileReference; lastKnownFileType = sourcecode.swift; path = Image.swift; sourceTree = "<group>"; };
		445DBDD72A82755400B01FAA /* PlacesViewModel.swift */ = {isa = PBXFileReference; lastKnownFileType = sourcecode.swift; path = PlacesViewModel.swift; sourceTree = "<group>"; };
		445DBDDA2A82789900B01FAA /* PlacesObservableObject.swift */ = {isa = PBXFileReference; lastKnownFileType = sourcecode.swift; path = PlacesObservableObject.swift; sourceTree = "<group>"; };
		445DBDDC2A827D3600B01FAA /* PlaceDetailViewModel.swift */ = {isa = PBXFileReference; lastKnownFileType = sourcecode.swift; path = PlaceDetailViewModel.swift; sourceTree = "<group>"; };
		445DBDDE2A8283D800B01FAA /* Coordinator.swift */ = {isa = PBXFileReference; lastKnownFileType = sourcecode.swift; path = Coordinator.swift; sourceTree = "<group>"; };
		446531582A7AC912001DF5C4 /* PlacesMapView.swift */ = {isa = PBXFileReference; lastKnownFileType = sourcecode.swift; path = PlacesMapView.swift; sourceTree = "<group>"; };
		4483CD5A2A700352004614DF /* PlacesView.swift */ = {isa = PBXFileReference; lastKnownFileType = sourcecode.swift; path = PlacesView.swift; sourceTree = "<group>"; };
		4483CD5C2A7004E3004614DF /* PlacesRow.swift */ = {isa = PBXFileReference; lastKnownFileType = sourcecode.swift; path = PlacesRow.swift; sourceTree = "<group>"; };
		44880EBB2A998AB000197AA1 /* Int.swift */ = {isa = PBXFileReference; lastKnownFileType = sourcecode.swift; path = Int.swift; sourceTree = "<group>"; };
		4499C78F2A71061F007F6C1C /* Places.swift */ = {isa = PBXFileReference; lastKnownFileType = sourcecode.swift; path = Places.swift; sourceTree = "<group>"; };
		4499C7912A71062F007F6C1C /* Place.swift */ = {isa = PBXFileReference; lastKnownFileType = sourcecode.swift; path = Place.swift; sourceTree = "<group>"; };
		4499C7932A710643007F6C1C /* Point.swift */ = {isa = PBXFileReference; lastKnownFileType = sourcecode.swift; path = Point.swift; sourceTree = "<group>"; };
		4499C7952A71064E007F6C1C /* Attributes.swift */ = {isa = PBXFileReference; lastKnownFileType = sourcecode.swift; path = Attributes.swift; sourceTree = "<group>"; };
		4499C7972A7106FA007F6C1C /* Kind.swift */ = {isa = PBXFileReference; lastKnownFileType = sourcecode.swift; path = Kind.swift; sourceTree = "<group>"; };
		4499C7992A710712007F6C1C /* PossibleKind.swift */ = {isa = PBXFileReference; lastKnownFileType = sourcecode.swift; path = PossibleKind.swift; sourceTree = "<group>"; };
		44B4300A2A83DAF9005D9326 /* Color.swift */ = {isa = PBXFileReference; lastKnownFileType = sourcecode.swift; path = Color.swift; sourceTree = "<group>"; };
		44C649D62A9087DD00A5369F /* PlaceInfoRow.swift */ = {isa = PBXFileReference; lastKnownFileType = sourcecode.swift; path = PlaceInfoRow.swift; sourceTree = "<group>"; };
		44C93BCC2A79335A00DD287B /* PlaceDetailView.swift */ = {isa = PBXFileReference; lastKnownFileType = sourcecode.swift; path = PlaceDetailView.swift; sourceTree = "<group>"; };
		44CDD1772A941A6200452808 /* ToolbarButtonView.swift */ = {isa = PBXFileReference; lastKnownFileType = sourcecode.swift; path = ToolbarButtonView.swift; sourceTree = "<group>"; };
		44D2CBD52A996D6C00373DAD /* LocationManager.swift */ = {isa = PBXFileReference; lastKnownFileType = sourcecode.swift; path = LocationManager.swift; sourceTree = "<group>"; };
		44DBA7992AA87509001A9C23 /* SearchBarView.swift */ = {isa = PBXFileReference; lastKnownFileType = sourcecode.swift; path = SearchBarView.swift; sourceTree = "<group>"; };
		44EA42802A7AE502008DB6C3 /* FavoritesPlacesView.swift */ = {isa = PBXFileReference; lastKnownFileType = sourcecode.swift; path = FavoritesPlacesView.swift; sourceTree = "<group>"; };
		C05610452A5C78CA007FB970 /* DevAcademy.app */ = {isa = PBXFileReference; explicitFileType = wrapper.application; includeInIndex = 0; path = DevAcademy.app; sourceTree = BUILT_PRODUCTS_DIR; };
		C05610482A5C78CA007FB970 /* DevAcademyApp.swift */ = {isa = PBXFileReference; lastKnownFileType = sourcecode.swift; path = DevAcademyApp.swift; sourceTree = "<group>"; };
		C056104A2A5C78CA007FB970 /* RootView.swift */ = {isa = PBXFileReference; lastKnownFileType = sourcecode.swift; path = RootView.swift; sourceTree = "<group>"; };
		C056104C2A5C78CB007FB970 /* Assets.xcassets */ = {isa = PBXFileReference; lastKnownFileType = folder.assetcatalog; path = Assets.xcassets; sourceTree = "<group>"; };
		C056104F2A5C78CB007FB970 /* Preview Assets.xcassets */ = {isa = PBXFileReference; lastKnownFileType = folder.assetcatalog; path = "Preview Assets.xcassets"; sourceTree = "<group>"; };
/* End PBXFileReference section */

/* Begin PBXFrameworksBuildPhase section */
		C05610422A5C78CA007FB970 /* Frameworks */ = {
			isa = PBXFrameworksBuildPhase;
			buildActionMask = 2147483647;
			files = (
				4465315C2A7ACE58001DF5C4 /* ActivityIndicatorView in Frameworks */,
			);
			runOnlyForDeploymentPostprocessing = 0;
		};
/* End PBXFrameworksBuildPhase section */

/* Begin PBXGroup section */
		442593B12AA0881B00FD1058 /* Persistence */ = {
			isa = PBXGroup;
			children = (
				442593B22AA0883A00FD1058 /* ImageStorage.swift */,
			);
			path = Persistence;
			sourceTree = "<group>";
		};
		445DBDD92A82787500B01FAA /* ObservableObjects */ = {
			isa = PBXGroup;
			children = (
				445DBDDA2A82789900B01FAA /* PlacesObservableObject.swift */,
				445DBDDE2A8283D800B01FAA /* Coordinator.swift */,
				44D2CBD52A996D6C00373DAD /* LocationManager.swift */,
			);
			path = ObservableObjects;
			sourceTree = "<group>";
		};
		4483CD582A7002C7004614DF /* Scenes */ = {
			isa = PBXGroup;
			children = (
				4483CD5E2A700C64004614DF /* Places */,
				44B4300C2A83E182005D9326 /* Map */,
				44B4300D2A83E18E005D9326 /* Favorites */,
				44B430082A83D9A0005D9326 /* PlaceDetail */,
			);
			path = Scenes;
			sourceTree = "<group>";
		};
		4483CD5E2A700C64004614DF /* Places */ = {
			isa = PBXGroup;
			children = (
				4483CD5A2A700352004614DF /* PlacesView.swift */,
				445DBDD72A82755400B01FAA /* PlacesViewModel.swift */,
				4483CD5C2A7004E3004614DF /* PlacesRow.swift */,
			);
			path = Places;
			sourceTree = "<group>";
		};
		4499C78E2A7105AF007F6C1C /* Model */ = {
			isa = PBXGroup;
			children = (
				4499C7912A71062F007F6C1C /* Place.swift */,
				4499C78F2A71061F007F6C1C /* Places.swift */,
				4499C7972A7106FA007F6C1C /* Kind.swift */,
				4499C7932A710643007F6C1C /* Point.swift */,
				4499C7992A710712007F6C1C /* PossibleKind.swift */,
				4499C7952A71064E007F6C1C /* Attributes.swift */,
			);
			path = Model;
			sourceTree = "<group>";
		};
		4499C7A12A71080B007F6C1C /* Services */ = {
			isa = PBXGroup;
			children = (
				440639722A8CB15000EDB546 /* PlacesService.swift */,
			);
			path = Services;
			sourceTree = "<group>";
		};
		44AFC1282AA0C59000B3E0EC /* Components */ = {
			isa = PBXGroup;
			children = (
				44CDD1772A941A6200452808 /* ToolbarButtonView.swift */,
				442F90BE2A95037F005983B6 /* KindButtonInToolbar.swift */,
				44DBA7992AA87509001A9C23 /* SearchBarView.swift */,
			);
			path = Components;
			sourceTree = "<group>";
		};
		44B430082A83D9A0005D9326 /* PlaceDetail */ = {
			isa = PBXGroup;
			children = (
				44C93BCC2A79335A00DD287B /* PlaceDetailView.swift */,
				445DBDDC2A827D3600B01FAA /* PlaceDetailViewModel.swift */,
				44C649D62A9087DD00A5369F /* PlaceInfoRow.swift */,
			);
			path = PlaceDetail;
			sourceTree = "<group>";
		};
		44B430092A83DAEC005D9326 /* Extension */ = {
			isa = PBXGroup;
			children = (
				44B4300A2A83DAF9005D9326 /* Color.swift */,
				4441F5472A8F699B00E90519 /* Image.swift */,
				4441E2612A9234D0006C9A62 /* String.swift */,
				44880EBB2A998AB000197AA1 /* Int.swift */,
			);
			path = Extension;
			sourceTree = "<group>";
		};
		44B4300C2A83E182005D9326 /* Map */ = {
			isa = PBXGroup;
			children = (
				446531582A7AC912001DF5C4 /* PlacesMapView.swift */,
				44145C5D2A86880E007D4265 /* PlaceMapAnnotationView.swift */,
			);
			path = Map;
			sourceTree = "<group>";
		};
		44B4300D2A83E18E005D9326 /* Favorites */ = {
			isa = PBXGroup;
			children = (
				44EA42802A7AE502008DB6C3 /* FavoritesPlacesView.swift */,
			);
			path = Favorites;
			sourceTree = "<group>";
		};
		C056103C2A5C78CA007FB970 = {
			isa = PBXGroup;
			children = (
				C05610472A5C78CA007FB970 /* DevAcademy */,
				C05610462A5C78CA007FB970 /* Products */,
			);
			sourceTree = "<group>";
		};
		C05610462A5C78CA007FB970 /* Products */ = {
			isa = PBXGroup;
			children = (
				C05610452A5C78CA007FB970 /* DevAcademy.app */,
			);
			name = Products;
			sourceTree = "<group>";
		};
		C05610472A5C78CA007FB970 /* DevAcademy */ = {
			isa = PBXGroup;
			children = (
				C05610482A5C78CA007FB970 /* DevAcademyApp.swift */,
				C056104A2A5C78CA007FB970 /* RootView.swift */,
				445DBDD92A82787500B01FAA /* ObservableObjects */,
				44B430092A83DAEC005D9326 /* Extension */,
				44AFC1282AA0C59000B3E0EC /* Components */,
				4499C78E2A7105AF007F6C1C /* Model */,
				4483CD582A7002C7004614DF /* Scenes */,
				442593B12AA0881B00FD1058 /* Persistence */,
				4499C7A12A71080B007F6C1C /* Services */,
				C056104C2A5C78CB007FB970 /* Assets.xcassets */,
				C056104E2A5C78CB007FB970 /* Preview Content */,
			);
			path = DevAcademy;
			sourceTree = "<group>";
		};
		C056104E2A5C78CB007FB970 /* Preview Content */ = {
			isa = PBXGroup;
			children = (
				C056104F2A5C78CB007FB970 /* Preview Assets.xcassets */,
			);
			path = "Preview Content";
			sourceTree = "<group>";
		};
/* End PBXGroup section */

/* Begin PBXNativeTarget section */
		C05610442A5C78CA007FB970 /* DevAcademy */ = {
			isa = PBXNativeTarget;
			buildConfigurationList = C05610532A5C78CB007FB970 /* Build configuration list for PBXNativeTarget "DevAcademy" */;
			buildPhases = (
				C05610412A5C78CA007FB970 /* Sources */,
				C05610422A5C78CA007FB970 /* Frameworks */,
				C05610432A5C78CA007FB970 /* Resources */,
			);
			buildRules = (
			);
			dependencies = (
			);
			name = DevAcademy;
			packageProductDependencies = (
				4465315B2A7ACE58001DF5C4 /* ActivityIndicatorView */,
			);
			productName = DevAcademy;
			productReference = C05610452A5C78CA007FB970 /* DevAcademy.app */;
			productType = "com.apple.product-type.application";
		};
/* End PBXNativeTarget section */

/* Begin PBXProject section */
		C056103D2A5C78CA007FB970 /* Project object */ = {
			isa = PBXProject;
			attributes = {
				BuildIndependentTargetsInParallel = 1;
				LastSwiftUpdateCheck = 1430;
				LastUpgradeCheck = 1430;
				TargetAttributes = {
					C05610442A5C78CA007FB970 = {
						CreatedOnToolsVersion = 14.3.1;
					};
				};
			};
			buildConfigurationList = C05610402A5C78CA007FB970 /* Build configuration list for PBXProject "DevAcademy" */;
			compatibilityVersion = "Xcode 14.0";
			developmentRegion = en;
			hasScannedForEncodings = 0;
			knownRegions = (
				en,
				Base,
			);
			mainGroup = C056103C2A5C78CA007FB970;
			packageReferences = (
				4465315A2A7ACE58001DF5C4 /* XCRemoteSwiftPackageReference "ActivityIndicatorView" */,
			);
			productRefGroup = C05610462A5C78CA007FB970 /* Products */;
			projectDirPath = "";
			projectRoot = "";
			targets = (
				C05610442A5C78CA007FB970 /* DevAcademy */,
			);
		};
/* End PBXProject section */

/* Begin PBXResourcesBuildPhase section */
		C05610432A5C78CA007FB970 /* Resources */ = {
			isa = PBXResourcesBuildPhase;
			buildActionMask = 2147483647;
			files = (
				C05610502A5C78CB007FB970 /* Preview Assets.xcassets in Resources */,
				C056104D2A5C78CB007FB970 /* Assets.xcassets in Resources */,
			);
			runOnlyForDeploymentPostprocessing = 0;
		};
/* End PBXResourcesBuildPhase section */

/* Begin PBXSourcesBuildPhase section */
		C05610412A5C78CA007FB970 /* Sources */ = {
			isa = PBXSourcesBuildPhase;
			buildActionMask = 2147483647;
			files = (
				440639732A8CB15000EDB546 /* PlacesService.swift in Sources */,
				442593B32AA0883A00FD1058 /* ImageStorage.swift in Sources */,
				44C93BCD2A79335A00DD287B /* PlaceDetailView.swift in Sources */,
				4499C7962A71064E007F6C1C /* Attributes.swift in Sources */,
				4499C79A2A710712007F6C1C /* PossibleKind.swift in Sources */,
				445DBDD82A82755400B01FAA /* PlacesViewModel.swift in Sources */,
				4499C7942A710643007F6C1C /* Point.swift in Sources */,
				44880EBC2A998AB000197AA1 /* Int.swift in Sources */,
				446531592A7AC912001DF5C4 /* PlacesMapView.swift in Sources */,
				4499C7902A71061F007F6C1C /* Places.swift in Sources */,
				4441F5482A8F699B00E90519 /* Image.swift in Sources */,
				4499C7922A71062F007F6C1C /* Place.swift in Sources */,
				445DBDDF2A8283D800B01FAA /* Coordinator.swift in Sources */,
				445DBDDD2A827D3600B01FAA /* PlaceDetailViewModel.swift in Sources */,
				44D2CBD62A996D6C00373DAD /* LocationManager.swift in Sources */,
				C056104B2A5C78CA007FB970 /* RootView.swift in Sources */,
				44B4300B2A83DAF9005D9326 /* Color.swift in Sources */,
				442F90BF2A95037F005983B6 /* KindButtonInToolbar.swift in Sources */,
				44DBA79A2AA87509001A9C23 /* SearchBarView.swift in Sources */,
				4483CD5B2A700352004614DF /* PlacesView.swift in Sources */,
				C05610492A5C78CA007FB970 /* DevAcademyApp.swift in Sources */,
				4441E2622A9234D0006C9A62 /* String.swift in Sources */,
				44CDD1782A941A6200452808 /* ToolbarButtonView.swift in Sources */,
				44145C5E2A86880E007D4265 /* PlaceMapAnnotationView.swift in Sources */,
				445DBDDB2A82789900B01FAA /* PlacesObservableObject.swift in Sources */,
				4483CD5D2A7004E3004614DF /* PlacesRow.swift in Sources */,
				4499C7982A7106FA007F6C1C /* Kind.swift in Sources */,
				44C649D72A9087DD00A5369F /* PlaceInfoRow.swift in Sources */,
				44EA42812A7AE502008DB6C3 /* FavoritesPlacesView.swift in Sources */,
			);
			runOnlyForDeploymentPostprocessing = 0;
		};
/* End PBXSourcesBuildPhase section */

/* Begin XCBuildConfiguration section */
		C05610512A5C78CB007FB970 /* Debug */ = {
			isa = XCBuildConfiguration;
			buildSettings = {
				ALWAYS_SEARCH_USER_PATHS = NO;
				CLANG_ANALYZER_NONNULL = YES;
				CLANG_ANALYZER_NUMBER_OBJECT_CONVERSION = YES_AGGRESSIVE;
				CLANG_CXX_LANGUAGE_STANDARD = "gnu++20";
				CLANG_ENABLE_MODULES = YES;
				CLANG_ENABLE_OBJC_ARC = YES;
				CLANG_ENABLE_OBJC_WEAK = YES;
				CLANG_WARN_BLOCK_CAPTURE_AUTORELEASING = YES;
				CLANG_WARN_BOOL_CONVERSION = YES;
				CLANG_WARN_COMMA = YES;
				CLANG_WARN_CONSTANT_CONVERSION = YES;
				CLANG_WARN_DEPRECATED_OBJC_IMPLEMENTATIONS = YES;
				CLANG_WARN_DIRECT_OBJC_ISA_USAGE = YES_ERROR;
				CLANG_WARN_DOCUMENTATION_COMMENTS = YES;
				CLANG_WARN_EMPTY_BODY = YES;
				CLANG_WARN_ENUM_CONVERSION = YES;
				CLANG_WARN_INFINITE_RECURSION = YES;
				CLANG_WARN_INT_CONVERSION = YES;
				CLANG_WARN_NON_LITERAL_NULL_CONVERSION = YES;
				CLANG_WARN_OBJC_IMPLICIT_RETAIN_SELF = YES;
				CLANG_WARN_OBJC_LITERAL_CONVERSION = YES;
				CLANG_WARN_OBJC_ROOT_CLASS = YES_ERROR;
				CLANG_WARN_QUOTED_INCLUDE_IN_FRAMEWORK_HEADER = YES;
				CLANG_WARN_RANGE_LOOP_ANALYSIS = YES;
				CLANG_WARN_STRICT_PROTOTYPES = YES;
				CLANG_WARN_SUSPICIOUS_MOVE = YES;
				CLANG_WARN_UNGUARDED_AVAILABILITY = YES_AGGRESSIVE;
				CLANG_WARN_UNREACHABLE_CODE = YES;
				CLANG_WARN__DUPLICATE_METHOD_MATCH = YES;
				COPY_PHASE_STRIP = NO;
				DEBUG_INFORMATION_FORMAT = dwarf;
				ENABLE_STRICT_OBJC_MSGSEND = YES;
				ENABLE_TESTABILITY = YES;
				GCC_C_LANGUAGE_STANDARD = gnu11;
				GCC_DYNAMIC_NO_PIC = NO;
				GCC_NO_COMMON_BLOCKS = YES;
				GCC_OPTIMIZATION_LEVEL = 0;
				GCC_PREPROCESSOR_DEFINITIONS = (
					"DEBUG=1",
					"$(inherited)",
				);
				GCC_WARN_64_TO_32_BIT_CONVERSION = YES;
				GCC_WARN_ABOUT_RETURN_TYPE = YES_ERROR;
				GCC_WARN_UNDECLARED_SELECTOR = YES;
				GCC_WARN_UNINITIALIZED_AUTOS = YES_AGGRESSIVE;
				GCC_WARN_UNUSED_FUNCTION = YES;
				GCC_WARN_UNUSED_VARIABLE = YES;
				IPHONEOS_DEPLOYMENT_TARGET = 16.0;
				MTL_ENABLE_DEBUG_INFO = INCLUDE_SOURCE;
				MTL_FAST_MATH = YES;
				ONLY_ACTIVE_ARCH = YES;
				SDKROOT = iphoneos;
				SWIFT_ACTIVE_COMPILATION_CONDITIONS = DEBUG;
				SWIFT_OPTIMIZATION_LEVEL = "-Onone";
			};
			name = Debug;
		};
		C05610522A5C78CB007FB970 /* Release */ = {
			isa = XCBuildConfiguration;
			buildSettings = {
				ALWAYS_SEARCH_USER_PATHS = NO;
				CLANG_ANALYZER_NONNULL = YES;
				CLANG_ANALYZER_NUMBER_OBJECT_CONVERSION = YES_AGGRESSIVE;
				CLANG_CXX_LANGUAGE_STANDARD = "gnu++20";
				CLANG_ENABLE_MODULES = YES;
				CLANG_ENABLE_OBJC_ARC = YES;
				CLANG_ENABLE_OBJC_WEAK = YES;
				CLANG_WARN_BLOCK_CAPTURE_AUTORELEASING = YES;
				CLANG_WARN_BOOL_CONVERSION = YES;
				CLANG_WARN_COMMA = YES;
				CLANG_WARN_CONSTANT_CONVERSION = YES;
				CLANG_WARN_DEPRECATED_OBJC_IMPLEMENTATIONS = YES;
				CLANG_WARN_DIRECT_OBJC_ISA_USAGE = YES_ERROR;
				CLANG_WARN_DOCUMENTATION_COMMENTS = YES;
				CLANG_WARN_EMPTY_BODY = YES;
				CLANG_WARN_ENUM_CONVERSION = YES;
				CLANG_WARN_INFINITE_RECURSION = YES;
				CLANG_WARN_INT_CONVERSION = YES;
				CLANG_WARN_NON_LITERAL_NULL_CONVERSION = YES;
				CLANG_WARN_OBJC_IMPLICIT_RETAIN_SELF = YES;
				CLANG_WARN_OBJC_LITERAL_CONVERSION = YES;
				CLANG_WARN_OBJC_ROOT_CLASS = YES_ERROR;
				CLANG_WARN_QUOTED_INCLUDE_IN_FRAMEWORK_HEADER = YES;
				CLANG_WARN_RANGE_LOOP_ANALYSIS = YES;
				CLANG_WARN_STRICT_PROTOTYPES = YES;
				CLANG_WARN_SUSPICIOUS_MOVE = YES;
				CLANG_WARN_UNGUARDED_AVAILABILITY = YES_AGGRESSIVE;
				CLANG_WARN_UNREACHABLE_CODE = YES;
				CLANG_WARN__DUPLICATE_METHOD_MATCH = YES;
				COPY_PHASE_STRIP = NO;
				DEBUG_INFORMATION_FORMAT = "dwarf-with-dsym";
				ENABLE_NS_ASSERTIONS = NO;
				ENABLE_STRICT_OBJC_MSGSEND = YES;
				GCC_C_LANGUAGE_STANDARD = gnu11;
				GCC_NO_COMMON_BLOCKS = YES;
				GCC_WARN_64_TO_32_BIT_CONVERSION = YES;
				GCC_WARN_ABOUT_RETURN_TYPE = YES_ERROR;
				GCC_WARN_UNDECLARED_SELECTOR = YES;
				GCC_WARN_UNINITIALIZED_AUTOS = YES_AGGRESSIVE;
				GCC_WARN_UNUSED_FUNCTION = YES;
				GCC_WARN_UNUSED_VARIABLE = YES;
				IPHONEOS_DEPLOYMENT_TARGET = 16.0;
				MTL_ENABLE_DEBUG_INFO = NO;
				MTL_FAST_MATH = YES;
				SDKROOT = iphoneos;
				SWIFT_COMPILATION_MODE = wholemodule;
				SWIFT_OPTIMIZATION_LEVEL = "-O";
				VALIDATE_PRODUCT = YES;
			};
			name = Release;
		};
		C05610542A5C78CB007FB970 /* Debug */ = {
			isa = XCBuildConfiguration;
			buildSettings = {
				ASSETCATALOG_COMPILER_APPICON_NAME = AppIcon;
				ASSETCATALOG_COMPILER_GLOBAL_ACCENT_COLOR_NAME = AccentColor;
				CODE_SIGN_STYLE = Automatic;
				CURRENT_PROJECT_VERSION = 1;
				DEVELOPMENT_ASSET_PATHS = "\"DevAcademy/Preview Content\"";
				DEVELOPMENT_TEAM = WJ82JM369V;
				ENABLE_PREVIEWS = YES;
				GENERATE_INFOPLIST_FILE = YES;
				INFOPLIST_KEY_CFBundleDisplayName = "Kultůrmapa";
				INFOPLIST_KEY_LSApplicationCategoryType = "public.app-category.travel";
				INFOPLIST_KEY_NSLocationAlwaysAndWhenInUseUsageDescription = "Povolení polohy k zobrazení míst kolem vás.";
				INFOPLIST_KEY_NSLocationWhenInUseUsageDescription = "Povolení polohy k zobrazení míst kolem vás.";
				INFOPLIST_KEY_UIApplicationSceneManifest_Generation = YES;
				INFOPLIST_KEY_UIApplicationSupportsIndirectInputEvents = YES;
				INFOPLIST_KEY_UILaunchScreen_Generation = YES;
				INFOPLIST_KEY_UISupportedInterfaceOrientations_iPad = "UIInterfaceOrientationPortrait UIInterfaceOrientationPortraitUpsideDown UIInterfaceOrientationLandscapeLeft UIInterfaceOrientationLandscapeRight";
				INFOPLIST_KEY_UISupportedInterfaceOrientations_iPhone = "UIInterfaceOrientationPortrait UIInterfaceOrientationLandscapeLeft UIInterfaceOrientationLandscapeRight";
				IPHONEOS_DEPLOYMENT_TARGET = 16.0;
				LD_RUNPATH_SEARCH_PATHS = (
					"$(inherited)",
					"@executable_path/Frameworks",
				);
				MARKETING_VERSION = 1.0;
				PRODUCT_BUNDLE_IDENTIFIER = "berankovap-hotmail.com";
				PRODUCT_NAME = "$(TARGET_NAME)";
				SWIFT_EMIT_LOC_STRINGS = YES;
				SWIFT_VERSION = 5.0;
				TARGETED_DEVICE_FAMILY = "1,2";
			};
			name = Debug;
		};
		C05610552A5C78CB007FB970 /* Release */ = {
			isa = XCBuildConfiguration;
			buildSettings = {
				ASSETCATALOG_COMPILER_APPICON_NAME = AppIcon;
				ASSETCATALOG_COMPILER_GLOBAL_ACCENT_COLOR_NAME = AccentColor;
				CODE_SIGN_STYLE = Automatic;
				CURRENT_PROJECT_VERSION = 1;
				DEVELOPMENT_ASSET_PATHS = "\"DevAcademy/Preview Content\"";
				DEVELOPMENT_TEAM = WJ82JM369V;
				ENABLE_PREVIEWS = YES;
				GENERATE_INFOPLIST_FILE = YES;
				INFOPLIST_KEY_CFBundleDisplayName = "Kultůrmapa";
				INFOPLIST_KEY_LSApplicationCategoryType = "public.app-category.travel";
				INFOPLIST_KEY_NSLocationAlwaysAndWhenInUseUsageDescription = "Povolení polohy k zobrazení míst kolem vás.";
				INFOPLIST_KEY_NSLocationWhenInUseUsageDescription = "Povolení polohy k zobrazení míst kolem vás.";
				INFOPLIST_KEY_UIApplicationSceneManifest_Generation = YES;
				INFOPLIST_KEY_UIApplicationSupportsIndirectInputEvents = YES;
				INFOPLIST_KEY_UILaunchScreen_Generation = YES;
				INFOPLIST_KEY_UISupportedInterfaceOrientations_iPad = "UIInterfaceOrientationPortrait UIInterfaceOrientationPortraitUpsideDown UIInterfaceOrientationLandscapeLeft UIInterfaceOrientationLandscapeRight";
				INFOPLIST_KEY_UISupportedInterfaceOrientations_iPhone = "UIInterfaceOrientationPortrait UIInterfaceOrientationLandscapeLeft UIInterfaceOrientationLandscapeRight";
				IPHONEOS_DEPLOYMENT_TARGET = 16.0;
				LD_RUNPATH_SEARCH_PATHS = (
					"$(inherited)",
					"@executable_path/Frameworks",
				);
				MARKETING_VERSION = 1.0;
				PRODUCT_BUNDLE_IDENTIFIER = "berankovap-hotmail.com";
				PRODUCT_NAME = "$(TARGET_NAME)";
				SWIFT_EMIT_LOC_STRINGS = YES;
				SWIFT_VERSION = 5.0;
				TARGETED_DEVICE_FAMILY = "1,2";
			};
			name = Release;
		};
/* End XCBuildConfiguration section */

/* Begin XCConfigurationList section */
		C05610402A5C78CA007FB970 /* Build configuration list for PBXProject "DevAcademy" */ = {
			isa = XCConfigurationList;
			buildConfigurations = (
				C05610512A5C78CB007FB970 /* Debug */,
				C05610522A5C78CB007FB970 /* Release */,
			);
			defaultConfigurationIsVisible = 0;
			defaultConfigurationName = Release;
		};
		C05610532A5C78CB007FB970 /* Build configuration list for PBXNativeTarget "DevAcademy" */ = {
			isa = XCConfigurationList;
			buildConfigurations = (
				C05610542A5C78CB007FB970 /* Debug */,
				C05610552A5C78CB007FB970 /* Release */,
			);
			defaultConfigurationIsVisible = 0;
			defaultConfigurationName = Release;
		};
/* End XCConfigurationList section */

/* Begin XCRemoteSwiftPackageReference section */
		4465315A2A7ACE58001DF5C4 /* XCRemoteSwiftPackageReference "ActivityIndicatorView" */ = {
			isa = XCRemoteSwiftPackageReference;
			repositoryURL = "https://github.com/exyte/ActivityIndicatorView";
			requirement = {
				kind = upToNextMajorVersion;
				minimumVersion = 1.0.0;
			};
		};
/* End XCRemoteSwiftPackageReference section */

/* Begin XCSwiftPackageProductDependency section */
		4465315B2A7ACE58001DF5C4 /* ActivityIndicatorView */ = {
			isa = XCSwiftPackageProductDependency;
			package = 4465315A2A7ACE58001DF5C4 /* XCRemoteSwiftPackageReference "ActivityIndicatorView" */;
			productName = ActivityIndicatorView;
		};
/* End XCSwiftPackageProductDependency section */
	};
	rootObject = C056103D2A5C78CA007FB970 /* Project object */;
}
