// !$*UTF8*$!
{
	archiveVersion = 1;
	classes = {
	};
	objectVersion = 56;
	objects = {

/* Begin PBXBuildFile section */
		440639732A8CB15000EDB546 /* PlacesService.swift in Sources */ = {isa = PBXBuildFile; fileRef = 440639722A8CB15000EDB546 /* PlacesService.swift */; };
		44145C5E2A86880E007D4265 /* PlaceMapAnnotationView.swift in Sources */ = {isa = PBXBuildFile; fileRef = 44145C5D2A86880E007D4265 /* PlaceMapAnnotationView.swift */; };
		442593B32AA0883A00FD1058 /* ImageStorage.swift in Sources */ = {isa = PBXBuildFile; fileRef = 442593B22AA0883A00FD1058 /* ImageStorage.swift */; };
		442F90BF2A95037F005983B6 /* KindToolbarButton.swift in Sources */ = {isa = PBXBuildFile; fileRef = 442F90BE2A95037F005983B6 /* KindToolbarButton.swift */; };
		44402A872B220411000B409E /* EventsObservableObject.swift in Sources */ = {isa = PBXBuildFile; fileRef = 44402A862B220411000B409E /* EventsObservableObject.swift */; };
		44402A892B22043D000B409E /* Environment.swift in Sources */ = {isa = PBXBuildFile; fileRef = 44402A882B22043D000B409E /* Environment.swift */; };
		44402A8B2B22044B000B409E /* ObservableObjects.swift in Sources */ = {isa = PBXBuildFile; fileRef = 44402A8A2B22044B000B409E /* ObservableObjects.swift */; };
		44402A8D2B2204FD000B409E /* Date.swift in Sources */ = {isa = PBXBuildFile; fileRef = 44402A8C2B2204FD000B409E /* Date.swift */; };
		44402A902B220573000B409E /* BrnoCoordinates.swift in Sources */ = {isa = PBXBuildFile; fileRef = 44402A8F2B220573000B409E /* BrnoCoordinates.swift */; };
		44402A972B220641000B409E /* LoadingIndicator.swift in Sources */ = {isa = PBXBuildFile; fileRef = 44402A962B220641000B409E /* LoadingIndicator.swift */; };
		44402A992B220680000B409E /* RowDetailView.swift in Sources */ = {isa = PBXBuildFile; fileRef = 44402A982B220680000B409E /* RowDetailView.swift */; };
		44402A9B2B2206A0000B409E /* ImageView.swift in Sources */ = {isa = PBXBuildFile; fileRef = 44402A9A2B2206A0000B409E /* ImageView.swift */; };
		44402A9F2B220912000B409E /* Event.swift in Sources */ = {isa = PBXBuildFile; fileRef = 44402A9E2B220912000B409E /* Event.swift */; };
		44402AA12B22091B000B409E /* Events.swift in Sources */ = {isa = PBXBuildFile; fileRef = 44402AA02B22091B000B409E /* Events.swift */; };
		44402AA32B220928000B409E /* EventAttributes.swift in Sources */ = {isa = PBXBuildFile; fileRef = 44402AA22B220928000B409E /* EventAttributes.swift */; };
		44402AA52B220935000B409E /* EventPoint.swift in Sources */ = {isa = PBXBuildFile; fileRef = 44402AA42B220935000B409E /* EventPoint.swift */; };
		44402AAB2B220BBB000B409E /* EventsListView.swift in Sources */ = {isa = PBXBuildFile; fileRef = 44402AAA2B220BBB000B409E /* EventsListView.swift */; };
		44402AAD2B220BD0000B409E /* EventsViewModel.swift in Sources */ = {isa = PBXBuildFile; fileRef = 44402AAC2B220BD0000B409E /* EventsViewModel.swift */; };
		44402AAF2B220BDF000B409E /* EventsRow.swift in Sources */ = {isa = PBXBuildFile; fileRef = 44402AAE2B220BDF000B409E /* EventsRow.swift */; };
		44402AB12B220C25000B409E /* EventDetailView.swift in Sources */ = {isa = PBXBuildFile; fileRef = 44402AB02B220C25000B409E /* EventDetailView.swift */; };
		44402AB32B220C36000B409E /* EventDetailViewModel.swift in Sources */ = {isa = PBXBuildFile; fileRef = 44402AB22B220C36000B409E /* EventDetailViewModel.swift */; };
		44402AB52B220C78000B409E /* EventsMapView.swift in Sources */ = {isa = PBXBuildFile; fileRef = 44402AB42B220C78000B409E /* EventsMapView.swift */; };
		44402AB72B220D19000B409E /* EventsService.swift in Sources */ = {isa = PBXBuildFile; fileRef = 44402AB62B220D19000B409E /* EventsService.swift */; };
		44402AB92B220D2C000B409E /* Services.swift in Sources */ = {isa = PBXBuildFile; fileRef = 44402AB82B220D2C000B409E /* Services.swift */; };
		44402ABB2B220D43000B409E /* DataService.swift in Sources */ = {isa = PBXBuildFile; fileRef = 44402ABA2B220D43000B409E /* DataService.swift */; };
		44402ABF2B2210E7000B409E /* APIError.swift in Sources */ = {isa = PBXBuildFile; fileRef = 44402ABE2B2210E7000B409E /* APIError.swift */; };
		44402AC12B221122000B409E /* UrlStrings.swift in Sources */ = {isa = PBXBuildFile; fileRef = 44402AC02B221122000B409E /* UrlStrings.swift */; };
		4441E2622A9234D0006C9A62 /* String.swift in Sources */ = {isa = PBXBuildFile; fileRef = 4441E2612A9234D0006C9A62 /* String.swift */; };
		4441F5482A8F699B00E90519 /* Image.swift in Sources */ = {isa = PBXBuildFile; fileRef = 4441F5472A8F699B00E90519 /* Image.swift */; };
		445DBDD82A82755400B01FAA /* PlacesViewModel.swift in Sources */ = {isa = PBXBuildFile; fileRef = 445DBDD72A82755400B01FAA /* PlacesViewModel.swift */; };
		445DBDDB2A82789900B01FAA /* PlacesObservableObject.swift in Sources */ = {isa = PBXBuildFile; fileRef = 445DBDDA2A82789900B01FAA /* PlacesObservableObject.swift */; };
		445DBDDD2A827D3600B01FAA /* PlaceDetailViewModel.swift in Sources */ = {isa = PBXBuildFile; fileRef = 445DBDDC2A827D3600B01FAA /* PlaceDetailViewModel.swift */; };
		445DBDDF2A8283D800B01FAA /* Coordinator.swift in Sources */ = {isa = PBXBuildFile; fileRef = 445DBDDE2A8283D800B01FAA /* Coordinator.swift */; };
		446531592A7AC912001DF5C4 /* PlacesMapView.swift in Sources */ = {isa = PBXBuildFile; fileRef = 446531582A7AC912001DF5C4 /* PlacesMapView.swift */; };
		4465315C2A7ACE58001DF5C4 /* ActivityIndicatorView in Frameworks */ = {isa = PBXBuildFile; productRef = 4465315B2A7ACE58001DF5C4 /* ActivityIndicatorView */; };
		4483CD5B2A700352004614DF /* PlacesListView.swift in Sources */ = {isa = PBXBuildFile; fileRef = 4483CD5A2A700352004614DF /* PlacesListView.swift */; };
		4483CD5D2A7004E3004614DF /* PlacesRow.swift in Sources */ = {isa = PBXBuildFile; fileRef = 4483CD5C2A7004E3004614DF /* PlacesRow.swift */; };
		44880EBC2A998AB000197AA1 /* Int.swift in Sources */ = {isa = PBXBuildFile; fileRef = 44880EBB2A998AB000197AA1 /* Int.swift */; };
		4496A2CD2ABDB166008AD762 /* UserLocationService.swift in Sources */ = {isa = PBXBuildFile; fileRef = 4496A2CC2ABDB166008AD762 /* UserLocationService.swift */; };
		4499C7902A71061F007F6C1C /* Places.swift in Sources */ = {isa = PBXBuildFile; fileRef = 4499C78F2A71061F007F6C1C /* Places.swift */; };
		4499C7922A71062F007F6C1C /* Place.swift in Sources */ = {isa = PBXBuildFile; fileRef = 4499C7912A71062F007F6C1C /* Place.swift */; };
		4499C7942A710643007F6C1C /* Point.swift in Sources */ = {isa = PBXBuildFile; fileRef = 4499C7932A710643007F6C1C /* Point.swift */; };
		4499C7962A71064E007F6C1C /* Attributes.swift in Sources */ = {isa = PBXBuildFile; fileRef = 4499C7952A71064E007F6C1C /* Attributes.swift */; };
		4499C7982A7106FA007F6C1C /* Kind.swift in Sources */ = {isa = PBXBuildFile; fileRef = 4499C7972A7106FA007F6C1C /* Kind.swift */; };
		4499C79A2A710712007F6C1C /* PossibleKind.swift in Sources */ = {isa = PBXBuildFile; fileRef = 4499C7992A710712007F6C1C /* PossibleKind.swift */; };
		44B4300B2A83DAF9005D9326 /* Color.swift in Sources */ = {isa = PBXBuildFile; fileRef = 44B4300A2A83DAF9005D9326 /* Color.swift */; };
		44C431922AD13B79006EB111 /* BackgroundForToolbar.swift in Sources */ = {isa = PBXBuildFile; fileRef = 44C431912AD13B79006EB111 /* BackgroundForToolbar.swift */; };
		44C93BCD2A79335A00DD287B /* PlaceDetailView.swift in Sources */ = {isa = PBXBuildFile; fileRef = 44C93BCC2A79335A00DD287B /* PlaceDetailView.swift */; };
		44CDD1782A941A6200452808 /* CircleButtonView.swift in Sources */ = {isa = PBXBuildFile; fileRef = 44CDD1772A941A6200452808 /* CircleButtonView.swift */; };
		44D34C552B2352F700637603 /* README.md in Resources */ = {isa = PBXBuildFile; fileRef = 44D34C542B2352F700637603 /* README.md */; };
		44D34C572B2359D000637603 /* InfoButtonView.swift in Sources */ = {isa = PBXBuildFile; fileRef = 44D34C562B2359D000637603 /* InfoButtonView.swift */; };
		44D34C592B23609900637603 /* InfoView.swift in Sources */ = {isa = PBXBuildFile; fileRef = 44D34C582B23609900637603 /* InfoView.swift */; };
		44DBA79A2AA87509001A9C23 /* SearchBarView.swift in Sources */ = {isa = PBXBuildFile; fileRef = 44DBA7992AA87509001A9C23 /* SearchBarView.swift */; };
		44EA42812A7AE502008DB6C3 /* FavoritePlacesView.swift in Sources */ = {isa = PBXBuildFile; fileRef = 44EA42802A7AE502008DB6C3 /* FavoritePlacesView.swift */; };
		44F23DDF2ABAF7D300CB1C21 /* FilterToolbarView.swift in Sources */ = {isa = PBXBuildFile; fileRef = 44F23DDE2ABAF7D300CB1C21 /* FilterToolbarView.swift */; };
		44F66E702AC0CF4C00912D70 /* Collection.swift in Sources */ = {isa = PBXBuildFile; fileRef = 44F66E6F2AC0CF4C00912D70 /* Collection.swift */; };
		C05610492A5C78CA007FB970 /* KulturmapaApp.swift in Sources */ = {isa = PBXBuildFile; fileRef = C05610482A5C78CA007FB970 /* KulturmapaApp.swift */; };
		C056104B2A5C78CA007FB970 /* RootView.swift in Sources */ = {isa = PBXBuildFile; fileRef = C056104A2A5C78CA007FB970 /* RootView.swift */; };
		C056104D2A5C78CB007FB970 /* Assets.xcassets in Resources */ = {isa = PBXBuildFile; fileRef = C056104C2A5C78CB007FB970 /* Assets.xcassets */; };
		C05610502A5C78CB007FB970 /* Preview Assets.xcassets in Resources */ = {isa = PBXBuildFile; fileRef = C056104F2A5C78CB007FB970 /* Preview Assets.xcassets */; };
/* End PBXBuildFile section */

/* Begin PBXFileReference section */
		440639722A8CB15000EDB546 /* PlacesService.swift */ = {isa = PBXFileReference; lastKnownFileType = sourcecode.swift; path = PlacesService.swift; sourceTree = "<group>"; };
		44145C5D2A86880E007D4265 /* PlaceMapAnnotationView.swift */ = {isa = PBXFileReference; lastKnownFileType = sourcecode.swift; path = PlaceMapAnnotationView.swift; sourceTree = "<group>"; };
		442593B22AA0883A00FD1058 /* ImageStorage.swift */ = {isa = PBXFileReference; lastKnownFileType = sourcecode.swift; path = ImageStorage.swift; sourceTree = "<group>"; };
		442F90BE2A95037F005983B6 /* KindToolbarButton.swift */ = {isa = PBXFileReference; lastKnownFileType = sourcecode.swift; path = KindToolbarButton.swift; sourceTree = "<group>"; };
		44402A862B220411000B409E /* EventsObservableObject.swift */ = {isa = PBXFileReference; lastKnownFileType = sourcecode.swift; path = EventsObservableObject.swift; sourceTree = "<group>"; };
		44402A882B22043D000B409E /* Environment.swift */ = {isa = PBXFileReference; lastKnownFileType = sourcecode.swift; path = Environment.swift; sourceTree = "<group>"; };
		44402A8A2B22044B000B409E /* ObservableObjects.swift */ = {isa = PBXFileReference; lastKnownFileType = sourcecode.swift; path = ObservableObjects.swift; sourceTree = "<group>"; };
		44402A8C2B2204FD000B409E /* Date.swift */ = {isa = PBXFileReference; lastKnownFileType = sourcecode.swift; path = Date.swift; sourceTree = "<group>"; };
		44402A8F2B220573000B409E /* BrnoCoordinates.swift */ = {isa = PBXFileReference; lastKnownFileType = sourcecode.swift; path = BrnoCoordinates.swift; sourceTree = "<group>"; };
		44402A962B220641000B409E /* LoadingIndicator.swift */ = {isa = PBXFileReference; lastKnownFileType = sourcecode.swift; path = LoadingIndicator.swift; sourceTree = "<group>"; };
		44402A982B220680000B409E /* RowDetailView.swift */ = {isa = PBXFileReference; lastKnownFileType = sourcecode.swift; path = RowDetailView.swift; sourceTree = "<group>"; };
		44402A9A2B2206A0000B409E /* ImageView.swift */ = {isa = PBXFileReference; lastKnownFileType = sourcecode.swift; path = ImageView.swift; sourceTree = "<group>"; };
		44402A9E2B220912000B409E /* Event.swift */ = {isa = PBXFileReference; lastKnownFileType = sourcecode.swift; path = Event.swift; sourceTree = "<group>"; };
		44402AA02B22091B000B409E /* Events.swift */ = {isa = PBXFileReference; lastKnownFileType = sourcecode.swift; path = Events.swift; sourceTree = "<group>"; };
		44402AA22B220928000B409E /* EventAttributes.swift */ = {isa = PBXFileReference; lastKnownFileType = sourcecode.swift; path = EventAttributes.swift; sourceTree = "<group>"; };
		44402AA42B220935000B409E /* EventPoint.swift */ = {isa = PBXFileReference; lastKnownFileType = sourcecode.swift; path = EventPoint.swift; sourceTree = "<group>"; };
		44402AAA2B220BBB000B409E /* EventsListView.swift */ = {isa = PBXFileReference; lastKnownFileType = sourcecode.swift; path = EventsListView.swift; sourceTree = "<group>"; };
		44402AAC2B220BD0000B409E /* EventsViewModel.swift */ = {isa = PBXFileReference; lastKnownFileType = sourcecode.swift; path = EventsViewModel.swift; sourceTree = "<group>"; };
		44402AAE2B220BDF000B409E /* EventsRow.swift */ = {isa = PBXFileReference; lastKnownFileType = sourcecode.swift; path = EventsRow.swift; sourceTree = "<group>"; };
		44402AB02B220C25000B409E /* EventDetailView.swift */ = {isa = PBXFileReference; lastKnownFileType = sourcecode.swift; path = EventDetailView.swift; sourceTree = "<group>"; };
		44402AB22B220C36000B409E /* EventDetailViewModel.swift */ = {isa = PBXFileReference; lastKnownFileType = sourcecode.swift; path = EventDetailViewModel.swift; sourceTree = "<group>"; };
		44402AB42B220C78000B409E /* EventsMapView.swift */ = {isa = PBXFileReference; lastKnownFileType = sourcecode.swift; path = EventsMapView.swift; sourceTree = "<group>"; };
		44402AB62B220D19000B409E /* EventsService.swift */ = {isa = PBXFileReference; lastKnownFileType = sourcecode.swift; path = EventsService.swift; sourceTree = "<group>"; };
		44402AB82B220D2C000B409E /* Services.swift */ = {isa = PBXFileReference; lastKnownFileType = sourcecode.swift; path = Services.swift; sourceTree = "<group>"; };
		44402ABA2B220D43000B409E /* DataService.swift */ = {isa = PBXFileReference; lastKnownFileType = sourcecode.swift; path = DataService.swift; sourceTree = "<group>"; };
		44402ABE2B2210E7000B409E /* APIError.swift */ = {isa = PBXFileReference; lastKnownFileType = sourcecode.swift; path = APIError.swift; sourceTree = "<group>"; };
		44402AC02B221122000B409E /* UrlStrings.swift */ = {isa = PBXFileReference; lastKnownFileType = sourcecode.swift; path = UrlStrings.swift; sourceTree = "<group>"; };
		4441E2612A9234D0006C9A62 /* String.swift */ = {isa = PBXFileReference; lastKnownFileType = sourcecode.swift; path = String.swift; sourceTree = "<group>"; };
		4441F5472A8F699B00E90519 /* Image.swift */ = {isa = PBXFileReference; lastKnownFileType = sourcecode.swift; path = Image.swift; sourceTree = "<group>"; };
		445DBDD72A82755400B01FAA /* PlacesViewModel.swift */ = {isa = PBXFileReference; lastKnownFileType = sourcecode.swift; path = PlacesViewModel.swift; sourceTree = "<group>"; };
		445DBDDA2A82789900B01FAA /* PlacesObservableObject.swift */ = {isa = PBXFileReference; lastKnownFileType = sourcecode.swift; path = PlacesObservableObject.swift; sourceTree = "<group>"; };
		445DBDDC2A827D3600B01FAA /* PlaceDetailViewModel.swift */ = {isa = PBXFileReference; lastKnownFileType = sourcecode.swift; path = PlaceDetailViewModel.swift; sourceTree = "<group>"; };
		445DBDDE2A8283D800B01FAA /* Coordinator.swift */ = {isa = PBXFileReference; lastKnownFileType = sourcecode.swift; path = Coordinator.swift; sourceTree = "<group>"; };
		446531582A7AC912001DF5C4 /* PlacesMapView.swift */ = {isa = PBXFileReference; lastKnownFileType = sourcecode.swift; path = PlacesMapView.swift; sourceTree = "<group>"; };
		4483CD5A2A700352004614DF /* PlacesListView.swift */ = {isa = PBXFileReference; lastKnownFileType = sourcecode.swift; path = PlacesListView.swift; sourceTree = "<group>"; };
		4483CD5C2A7004E3004614DF /* PlacesRow.swift */ = {isa = PBXFileReference; lastKnownFileType = sourcecode.swift; path = PlacesRow.swift; sourceTree = "<group>"; };
		44880EBB2A998AB000197AA1 /* Int.swift */ = {isa = PBXFileReference; lastKnownFileType = sourcecode.swift; path = Int.swift; sourceTree = "<group>"; };
		4496A2CC2ABDB166008AD762 /* UserLocationService.swift */ = {isa = PBXFileReference; lastKnownFileType = sourcecode.swift; path = UserLocationService.swift; sourceTree = "<group>"; };
		4499C78F2A71061F007F6C1C /* Places.swift */ = {isa = PBXFileReference; lastKnownFileType = sourcecode.swift; path = Places.swift; sourceTree = "<group>"; };
		4499C7912A71062F007F6C1C /* Place.swift */ = {isa = PBXFileReference; lastKnownFileType = sourcecode.swift; path = Place.swift; sourceTree = "<group>"; };
		4499C7932A710643007F6C1C /* Point.swift */ = {isa = PBXFileReference; lastKnownFileType = sourcecode.swift; path = Point.swift; sourceTree = "<group>"; };
		4499C7952A71064E007F6C1C /* Attributes.swift */ = {isa = PBXFileReference; lastKnownFileType = sourcecode.swift; path = Attributes.swift; sourceTree = "<group>"; };
		4499C7972A7106FA007F6C1C /* Kind.swift */ = {isa = PBXFileReference; lastKnownFileType = sourcecode.swift; path = Kind.swift; sourceTree = "<group>"; };
		4499C7992A710712007F6C1C /* PossibleKind.swift */ = {isa = PBXFileReference; lastKnownFileType = sourcecode.swift; path = PossibleKind.swift; sourceTree = "<group>"; };
		44B4300A2A83DAF9005D9326 /* Color.swift */ = {isa = PBXFileReference; lastKnownFileType = sourcecode.swift; path = Color.swift; sourceTree = "<group>"; };
		44C431912AD13B79006EB111 /* BackgroundForToolbar.swift */ = {isa = PBXFileReference; lastKnownFileType = sourcecode.swift; path = BackgroundForToolbar.swift; sourceTree = "<group>"; };
		44C93BCC2A79335A00DD287B /* PlaceDetailView.swift */ = {isa = PBXFileReference; lastKnownFileType = sourcecode.swift; path = PlaceDetailView.swift; sourceTree = "<group>"; };
		44CDD1772A941A6200452808 /* CircleButtonView.swift */ = {isa = PBXFileReference; lastKnownFileType = sourcecode.swift; path = CircleButtonView.swift; sourceTree = "<group>"; };
		44D34C542B2352F700637603 /* README.md */ = {isa = PBXFileReference; fileEncoding = 4; lastKnownFileType = net.daringfireball.markdown; path = README.md; sourceTree = "<group>"; };
		44D34C562B2359D000637603 /* InfoButtonView.swift */ = {isa = PBXFileReference; lastKnownFileType = sourcecode.swift; path = InfoButtonView.swift; sourceTree = "<group>"; };
		44D34C582B23609900637603 /* InfoView.swift */ = {isa = PBXFileReference; lastKnownFileType = sourcecode.swift; path = InfoView.swift; sourceTree = "<group>"; };
		44DBA7992AA87509001A9C23 /* SearchBarView.swift */ = {isa = PBXFileReference; lastKnownFileType = sourcecode.swift; path = SearchBarView.swift; sourceTree = "<group>"; };
		44EA42802A7AE502008DB6C3 /* FavoritePlacesView.swift */ = {isa = PBXFileReference; lastKnownFileType = sourcecode.swift; path = FavoritePlacesView.swift; sourceTree = "<group>"; };
		44F23DDE2ABAF7D300CB1C21 /* FilterToolbarView.swift */ = {isa = PBXFileReference; lastKnownFileType = sourcecode.swift; path = FilterToolbarView.swift; sourceTree = "<group>"; };
		44F66E6F2AC0CF4C00912D70 /* Collection.swift */ = {isa = PBXFileReference; lastKnownFileType = sourcecode.swift; path = Collection.swift; sourceTree = "<group>"; };
		C05610452A5C78CA007FB970 /* Kulturmapa.app */ = {isa = PBXFileReference; explicitFileType = wrapper.application; includeInIndex = 0; path = Kulturmapa.app; sourceTree = BUILT_PRODUCTS_DIR; };
		C05610482A5C78CA007FB970 /* KulturmapaApp.swift */ = {isa = PBXFileReference; lastKnownFileType = sourcecode.swift; path = KulturmapaApp.swift; sourceTree = "<group>"; };
		C056104A2A5C78CA007FB970 /* RootView.swift */ = {isa = PBXFileReference; lastKnownFileType = sourcecode.swift; path = RootView.swift; sourceTree = "<group>"; };
		C056104C2A5C78CB007FB970 /* Assets.xcassets */ = {isa = PBXFileReference; lastKnownFileType = folder.assetcatalog; path = Assets.xcassets; sourceTree = "<group>"; };
		C056104F2A5C78CB007FB970 /* Preview Assets.xcassets */ = {isa = PBXFileReference; lastKnownFileType = folder.assetcatalog; path = "Preview Assets.xcassets"; sourceTree = "<group>"; };
/* End PBXFileReference section */

/* Begin PBXFrameworksBuildPhase section */
		C05610422A5C78CA007FB970 /* Frameworks */ = {
			isa = PBXFrameworksBuildPhase;
			buildActionMask = 2147483647;
			files = (
				4465315C2A7ACE58001DF5C4 /* ActivityIndicatorView in Frameworks */,
			);
			runOnlyForDeploymentPostprocessing = 0;
		};
/* End PBXFrameworksBuildPhase section */

/* Begin PBXGroup section */
		442593B12AA0881B00FD1058 /* Persistence */ = {
			isa = PBXGroup;
			children = (
				442593B22AA0883A00FD1058 /* ImageStorage.swift */,
			);
			path = Persistence;
			sourceTree = "<group>";
		};
		44402A852B2203C9000B409E /* Environment */ = {
			isa = PBXGroup;
			children = (
				445DBDD92A82787500B01FAA /* ObservableObjects */,
				44402A882B22043D000B409E /* Environment.swift */,
				445DBDDE2A8283D800B01FAA /* Coordinator.swift */,
				44402A8A2B22044B000B409E /* ObservableObjects.swift */,
			);
			path = Environment;
			sourceTree = "<group>";
		};
		44402A8E2B220554000B409E /* Constants */ = {
			isa = PBXGroup;
			children = (
				44402A8F2B220573000B409E /* BrnoCoordinates.swift */,
				44402ABE2B2210E7000B409E /* APIError.swift */,
				44402AC02B221122000B409E /* UrlStrings.swift */,
			);
			path = Constants;
			sourceTree = "<group>";
		};
		44402A932B2205E6000B409E /* LoadingIndicator */ = {
			isa = PBXGroup;
			children = (
				44402A962B220641000B409E /* LoadingIndicator.swift */,
			);
			path = LoadingIndicator;
			sourceTree = "<group>";
		};
		44402A942B2205F5000B409E /* RowDetailView */ = {
			isa = PBXGroup;
			children = (
				44402A982B220680000B409E /* RowDetailView.swift */,
			);
			path = RowDetailView;
			sourceTree = "<group>";
		};
		44402A952B220603000B409E /* ImageView */ = {
			isa = PBXGroup;
			children = (
				44402A9A2B2206A0000B409E /* ImageView.swift */,
			);
			path = ImageView;
			sourceTree = "<group>";
		};
		44402A9C2B220764000B409E /* Events */ = {
			isa = PBXGroup;
			children = (
				44402A9E2B220912000B409E /* Event.swift */,
				44402AA02B22091B000B409E /* Events.swift */,
				44402AA22B220928000B409E /* EventAttributes.swift */,
				44402AA42B220935000B409E /* EventPoint.swift */,
			);
			path = Events;
			sourceTree = "<group>";
		};
		44402A9D2B22076E000B409E /* Places */ = {
			isa = PBXGroup;
			children = (
				4499C7912A71062F007F6C1C /* Place.swift */,
				4499C78F2A71061F007F6C1C /* Places.swift */,
				4499C7972A7106FA007F6C1C /* Kind.swift */,
				4499C7932A710643007F6C1C /* Point.swift */,
				4499C7992A710712007F6C1C /* PossibleKind.swift */,
				4499C7952A71064E007F6C1C /* Attributes.swift */,
			);
			path = Places;
			sourceTree = "<group>";
		};
		44402AA62B220A41000B409E /* Events */ = {
			isa = PBXGroup;
			children = (
				44402AA82B220B97000B409E /* EventsList */,
				44402AA92B220BA0000B409E /* EventDetail */,
			);
			path = Events;
			sourceTree = "<group>";
		};
		44402AA72B220AA1000B409E /* PlacesList */ = {
			isa = PBXGroup;
			children = (
				4483CD5A2A700352004614DF /* PlacesListView.swift */,
				445DBDD72A82755400B01FAA /* PlacesViewModel.swift */,
				4483CD5C2A7004E3004614DF /* PlacesRow.swift */,
			);
			path = PlacesList;
			sourceTree = "<group>";
		};
		44402AA82B220B97000B409E /* EventsList */ = {
			isa = PBXGroup;
			children = (
				44402AAA2B220BBB000B409E /* EventsListView.swift */,
				44402AAC2B220BD0000B409E /* EventsViewModel.swift */,
				44402AAE2B220BDF000B409E /* EventsRow.swift */,
			);
			path = EventsList;
			sourceTree = "<group>";
		};
		44402AA92B220BA0000B409E /* EventDetail */ = {
			isa = PBXGroup;
			children = (
				44402AB02B220C25000B409E /* EventDetailView.swift */,
				44402AB22B220C36000B409E /* EventDetailViewModel.swift */,
			);
			path = EventDetail;
			sourceTree = "<group>";
		};
		444480A52AD2BF27004CB3B3 /* Modifiers */ = {
			isa = PBXGroup;
			children = (
				44C431912AD13B79006EB111 /* BackgroundForToolbar.swift */,
			);
			path = Modifiers;
			sourceTree = "<group>";
		};
		444480A62AD2BF52004CB3B3 /* Toolbar */ = {
			isa = PBXGroup;
			children = (
				44CDD1772A941A6200452808 /* CircleButtonView.swift */,
				44D34C562B2359D000637603 /* InfoButtonView.swift */,
				44DBA7992AA87509001A9C23 /* SearchBarView.swift */,
				444480A92AD2C3B5004CB3B3 /* FilterBar */,
			);
			path = Toolbar;
			sourceTree = "<group>";
		};
		444480A82AD2BF7F004CB3B3 /* MapView */ = {
			isa = PBXGroup;
			children = (
				44145C5D2A86880E007D4265 /* PlaceMapAnnotationView.swift */,
			);
			path = MapView;
			sourceTree = "<group>";
		};
		444480A92AD2C3B5004CB3B3 /* FilterBar */ = {
			isa = PBXGroup;
			children = (
				44F23DDE2ABAF7D300CB1C21 /* FilterToolbarView.swift */,
				442F90BE2A95037F005983B6 /* KindToolbarButton.swift */,
			);
			path = FilterBar;
			sourceTree = "<group>";
		};
		445DBDD92A82787500B01FAA /* ObservableObjects */ = {
			isa = PBXGroup;
			children = (
				445DBDDA2A82789900B01FAA /* PlacesObservableObject.swift */,
				44402A862B220411000B409E /* EventsObservableObject.swift */,
			);
			path = ObservableObjects;
			sourceTree = "<group>";
		};
		4483CD582A7002C7004614DF /* Scenes */ = {
			isa = PBXGroup;
			children = (
				4483CD5E2A700C64004614DF /* Places */,
				44B4300C2A83E182005D9326 /* Map */,
				44B4300D2A83E18E005D9326 /* Favorites */,
				44402AA62B220A41000B409E /* Events */,
				44D34C5A2B23691D00637603 /* Info */,
			);
			path = Scenes;
			sourceTree = "<group>";
		};
		4483CD5E2A700C64004614DF /* Places */ = {
			isa = PBXGroup;
			children = (
				44402AA72B220AA1000B409E /* PlacesList */,
				44B430082A83D9A0005D9326 /* PlaceDetail */,
			);
			path = Places;
			sourceTree = "<group>";
		};
		4499C78E2A7105AF007F6C1C /* Models */ = {
			isa = PBXGroup;
			children = (
				44402A9D2B22076E000B409E /* Places */,
				44402A9C2B220764000B409E /* Events */,
			);
			path = Models;
			sourceTree = "<group>";
		};
		4499C7A12A71080B007F6C1C /* Services */ = {
			isa = PBXGroup;
			children = (
				440639722A8CB15000EDB546 /* PlacesService.swift */,
				44402AB62B220D19000B409E /* EventsService.swift */,
				4496A2CC2ABDB166008AD762 /* UserLocationService.swift */,
				44402AB82B220D2C000B409E /* Services.swift */,
				44402ABA2B220D43000B409E /* DataService.swift */,
			);
			path = Services;
			sourceTree = "<group>";
		};
		44AFC1282AA0C59000B3E0EC /* Components */ = {
			isa = PBXGroup;
			children = (
				44402A932B2205E6000B409E /* LoadingIndicator */,
				44402A942B2205F5000B409E /* RowDetailView */,
				44402A952B220603000B409E /* ImageView */,
				444480A82AD2BF7F004CB3B3 /* MapView */,
				444480A62AD2BF52004CB3B3 /* Toolbar */,
			);
			path = Components;
			sourceTree = "<group>";
		};
		44B430082A83D9A0005D9326 /* PlaceDetail */ = {
			isa = PBXGroup;
			children = (
				44C93BCC2A79335A00DD287B /* PlaceDetailView.swift */,
				445DBDDC2A827D3600B01FAA /* PlaceDetailViewModel.swift */,
			);
			path = PlaceDetail;
			sourceTree = "<group>";
		};
		44B430092A83DAEC005D9326 /* Extension */ = {
			isa = PBXGroup;
			children = (
				44B4300A2A83DAF9005D9326 /* Color.swift */,
				4441F5472A8F699B00E90519 /* Image.swift */,
				4441E2612A9234D0006C9A62 /* String.swift */,
				44880EBB2A998AB000197AA1 /* Int.swift */,
				44F66E6F2AC0CF4C00912D70 /* Collection.swift */,
				44402A8C2B2204FD000B409E /* Date.swift */,
			);
			path = Extension;
			sourceTree = "<group>";
		};
		44B4300C2A83E182005D9326 /* Map */ = {
			isa = PBXGroup;
			children = (
				446531582A7AC912001DF5C4 /* PlacesMapView.swift */,
				44402AB42B220C78000B409E /* EventsMapView.swift */,
			);
			path = Map;
			sourceTree = "<group>";
		};
		44B4300D2A83E18E005D9326 /* Favorites */ = {
			isa = PBXGroup;
			children = (
				44EA42802A7AE502008DB6C3 /* FavoritePlacesView.swift */,
			);
			path = Favorites;
			sourceTree = "<group>";
		};
		44D34C5A2B23691D00637603 /* Info */ = {
			isa = PBXGroup;
			children = (
				44D34C582B23609900637603 /* InfoView.swift */,
			);
			path = Info;
			sourceTree = "<group>";
		};
		C056103C2A5C78CA007FB970 = {
			isa = PBXGroup;
			children = (
				C05610472A5C78CA007FB970 /* Kulturmapa */,
				44D34C542B2352F700637603 /* README.md */,
				C05610462A5C78CA007FB970 /* Products */,
			);
			sourceTree = "<group>";
		};
		C05610462A5C78CA007FB970 /* Products */ = {
			isa = PBXGroup;
			children = (
				C05610452A5C78CA007FB970 /* Kulturmapa.app */,
			);
			name = Products;
			sourceTree = "<group>";
		};
		C05610472A5C78CA007FB970 /* Kulturmapa */ = {
			isa = PBXGroup;
			children = (
				C05610482A5C78CA007FB970 /* KulturmapaApp.swift */,
				C056104A2A5C78CA007FB970 /* RootView.swift */,
				44402A852B2203C9000B409E /* Environment */,
				44B430092A83DAEC005D9326 /* Extension */,
				444480A52AD2BF27004CB3B3 /* Modifiers */,
				44402A8E2B220554000B409E /* Constants */,
				44AFC1282AA0C59000B3E0EC /* Components */,
				4499C78E2A7105AF007F6C1C /* Models */,
				4483CD582A7002C7004614DF /* Scenes */,
				442593B12AA0881B00FD1058 /* Persistence */,
				4499C7A12A71080B007F6C1C /* Services */,
				C056104C2A5C78CB007FB970 /* Assets.xcassets */,
				C056104E2A5C78CB007FB970 /* Preview Content */,
			);
			path = Kulturmapa;
			sourceTree = "<group>";
		};
		C056104E2A5C78CB007FB970 /* Preview Content */ = {
			isa = PBXGroup;
			children = (
				C056104F2A5C78CB007FB970 /* Preview Assets.xcassets */,
			);
			path = "Preview Content";
			sourceTree = "<group>";
		};
/* End PBXGroup section */

/* Begin PBXNativeTarget section */
		C05610442A5C78CA007FB970 /* Kulturmapa */ = {
			isa = PBXNativeTarget;
			buildConfigurationList = C05610532A5C78CB007FB970 /* Build configuration list for PBXNativeTarget "Kulturmapa" */;
			buildPhases = (
				C05610412A5C78CA007FB970 /* Sources */,
				C05610422A5C78CA007FB970 /* Frameworks */,
				C05610432A5C78CA007FB970 /* Resources */,
				4477883A2ABAD91200730712 /* ShellScript */,
			);
			buildRules = (
			);
			dependencies = (
			);
			name = Kulturmapa;
			packageProductDependencies = (
				4465315B2A7ACE58001DF5C4 /* ActivityIndicatorView */,
			);
			productName = DevAcademy;
			productReference = C05610452A5C78CA007FB970 /* Kulturmapa.app */;
			productType = "com.apple.product-type.application";
		};
/* End PBXNativeTarget section */

/* Begin PBXProject section */
		C056103D2A5C78CA007FB970 /* Project object */ = {
			isa = PBXProject;
			attributes = {
				BuildIndependentTargetsInParallel = 1;
				LastSwiftUpdateCheck = 1430;
				LastUpgradeCheck = 1500;
				TargetAttributes = {
					C05610442A5C78CA007FB970 = {
						CreatedOnToolsVersion = 14.3.1;
					};
				};
			};
			buildConfigurationList = C05610402A5C78CA007FB970 /* Build configuration list for PBXProject "Kulturmapa" */;
			compatibilityVersion = "Xcode 14.0";
			developmentRegion = en;
			hasScannedForEncodings = 0;
			knownRegions = (
				en,
				Base,
			);
			mainGroup = C056103C2A5C78CA007FB970;
			packageReferences = (
				4465315A2A7ACE58001DF5C4 /* XCRemoteSwiftPackageReference "ActivityIndicatorView" */,
			);
			productRefGroup = C05610462A5C78CA007FB970 /* Products */;
			projectDirPath = "";
			projectRoot = "";
			targets = (
				C05610442A5C78CA007FB970 /* Kulturmapa */,
			);
		};
/* End PBXProject section */

/* Begin PBXResourcesBuildPhase section */
		C05610432A5C78CA007FB970 /* Resources */ = {
			isa = PBXResourcesBuildPhase;
			buildActionMask = 2147483647;
			files = (
				44D34C552B2352F700637603 /* README.md in Resources */,
				C05610502A5C78CB007FB970 /* Preview Assets.xcassets in Resources */,
				C056104D2A5C78CB007FB970 /* Assets.xcassets in Resources */,
			);
			runOnlyForDeploymentPostprocessing = 0;
		};
/* End PBXResourcesBuildPhase section */

/* Begin PBXShellScriptBuildPhase section */
		4477883A2ABAD91200730712 /* ShellScript */ = {
			isa = PBXShellScriptBuildPhase;
			alwaysOutOfDate = 1;
			buildActionMask = 2147483647;
			files = (
			);
			inputFileListPaths = (
			);
			inputPaths = (
			);
			outputFileListPaths = (
			);
			outputPaths = (
			);
			runOnlyForDeploymentPostprocessing = 0;
			shellPath = /bin/sh;
			shellScript = "if which swiftlint > /dev/null; then\n  swiftlint\nelse\n  echo \"warning: SwiftLint not installed, download from https://github.com/realm/SwiftLint\"\nfi\n";
		};
/* End PBXShellScriptBuildPhase section */

/* Begin PBXSourcesBuildPhase section */
		C05610412A5C78CA007FB970 /* Sources */ = {
			isa = PBXSourcesBuildPhase;
			buildActionMask = 2147483647;
			files = (
				440639732A8CB15000EDB546 /* PlacesService.swift in Sources */,
				442593B32AA0883A00FD1058 /* ImageStorage.swift in Sources */,
				44402A9B2B2206A0000B409E /* ImageView.swift in Sources */,
				44C93BCD2A79335A00DD287B /* PlaceDetailView.swift in Sources */,
				44402AA12B22091B000B409E /* Events.swift in Sources */,
				4499C7962A71064E007F6C1C /* Attributes.swift in Sources */,
				44402AA52B220935000B409E /* EventPoint.swift in Sources */,
				4499C79A2A710712007F6C1C /* PossibleKind.swift in Sources */,
				445DBDD82A82755400B01FAA /* PlacesViewModel.swift in Sources */,
				44F23DDF2ABAF7D300CB1C21 /* FilterToolbarView.swift in Sources */,
				44402AB72B220D19000B409E /* EventsService.swift in Sources */,
				44402A8D2B2204FD000B409E /* Date.swift in Sources */,
				4499C7942A710643007F6C1C /* Point.swift in Sources */,
				44402AB92B220D2C000B409E /* Services.swift in Sources */,
				44880EBC2A998AB000197AA1 /* Int.swift in Sources */,
				446531592A7AC912001DF5C4 /* PlacesMapView.swift in Sources */,
				4499C7902A71061F007F6C1C /* Places.swift in Sources */,
				44402A992B220680000B409E /* RowDetailView.swift in Sources */,
				44402AAB2B220BBB000B409E /* EventsListView.swift in Sources */,
				4441F5482A8F699B00E90519 /* Image.swift in Sources */,
				44C431922AD13B79006EB111 /* BackgroundForToolbar.swift in Sources */,
				4499C7922A71062F007F6C1C /* Place.swift in Sources */,
				445DBDDF2A8283D800B01FAA /* Coordinator.swift in Sources */,
				445DBDDD2A827D3600B01FAA /* PlaceDetailViewModel.swift in Sources */,
				44402A972B220641000B409E /* LoadingIndicator.swift in Sources */,
				C056104B2A5C78CA007FB970 /* RootView.swift in Sources */,
				44B4300B2A83DAF9005D9326 /* Color.swift in Sources */,
				442F90BF2A95037F005983B6 /* KindToolbarButton.swift in Sources */,
				44DBA79A2AA87509001A9C23 /* SearchBarView.swift in Sources */,
				44402A902B220573000B409E /* BrnoCoordinates.swift in Sources */,
				4483CD5B2A700352004614DF /* PlacesListView.swift in Sources */,
				44402A872B220411000B409E /* EventsObservableObject.swift in Sources */,
				44402AAF2B220BDF000B409E /* EventsRow.swift in Sources */,
				44402AB12B220C25000B409E /* EventDetailView.swift in Sources */,
				44402ABF2B2210E7000B409E /* APIError.swift in Sources */,
				44402AC12B221122000B409E /* UrlStrings.swift in Sources */,
				4496A2CD2ABDB166008AD762 /* UserLocationService.swift in Sources */,
				44D34C572B2359D000637603 /* InfoButtonView.swift in Sources */,
				C05610492A5C78CA007FB970 /* KulturmapaApp.swift in Sources */,
				44402AAD2B220BD0000B409E /* EventsViewModel.swift in Sources */,
				44F66E702AC0CF4C00912D70 /* Collection.swift in Sources */,
				4441E2622A9234D0006C9A62 /* String.swift in Sources */,
				44CDD1782A941A6200452808 /* CircleButtonView.swift in Sources */,
				44402AB32B220C36000B409E /* EventDetailViewModel.swift in Sources */,
				44145C5E2A86880E007D4265 /* PlaceMapAnnotationView.swift in Sources */,
				445DBDDB2A82789900B01FAA /* PlacesObservableObject.swift in Sources */,
				4483CD5D2A7004E3004614DF /* PlacesRow.swift in Sources */,
				44402AA32B220928000B409E /* EventAttributes.swift in Sources */,
				44D34C592B23609900637603 /* InfoView.swift in Sources */,
				44402ABB2B220D43000B409E /* DataService.swift in Sources */,
				44402AB52B220C78000B409E /* EventsMapView.swift in Sources */,
				4499C7982A7106FA007F6C1C /* Kind.swift in Sources */,
				44EA42812A7AE502008DB6C3 /* FavoritePlacesView.swift in Sources */,
				44402A8B2B22044B000B409E /* ObservableObjects.swift in Sources */,
				44402A9F2B220912000B409E /* Event.swift in Sources */,
				44402A892B22043D000B409E /* Environment.swift in Sources */,
			);
			runOnlyForDeploymentPostprocessing = 0;
		};
/* End PBXSourcesBuildPhase section */

/* Begin XCBuildConfiguration section */
		C05610512A5C78CB007FB970 /* Debug */ = {
			isa = XCBuildConfiguration;
			buildSettings = {
				ALWAYS_SEARCH_USER_PATHS = NO;
				CLANG_ANALYZER_NONNULL = YES;
				CLANG_ANALYZER_NUMBER_OBJECT_CONVERSION = YES_AGGRESSIVE;
				CLANG_CXX_LANGUAGE_STANDARD = "gnu++20";
				CLANG_ENABLE_MODULES = YES;
				CLANG_ENABLE_OBJC_ARC = YES;
				CLANG_ENABLE_OBJC_WEAK = YES;
				CLANG_WARN_BLOCK_CAPTURE_AUTORELEASING = YES;
				CLANG_WARN_BOOL_CONVERSION = YES;
				CLANG_WARN_COMMA = YES;
				CLANG_WARN_CONSTANT_CONVERSION = YES;
				CLANG_WARN_DEPRECATED_OBJC_IMPLEMENTATIONS = YES;
				CLANG_WARN_DIRECT_OBJC_ISA_USAGE = YES_ERROR;
				CLANG_WARN_DOCUMENTATION_COMMENTS = YES;
				CLANG_WARN_EMPTY_BODY = YES;
				CLANG_WARN_ENUM_CONVERSION = YES;
				CLANG_WARN_INFINITE_RECURSION = YES;
				CLANG_WARN_INT_CONVERSION = YES;
				CLANG_WARN_NON_LITERAL_NULL_CONVERSION = YES;
				CLANG_WARN_OBJC_IMPLICIT_RETAIN_SELF = YES;
				CLANG_WARN_OBJC_LITERAL_CONVERSION = YES;
				CLANG_WARN_OBJC_ROOT_CLASS = YES_ERROR;
				CLANG_WARN_QUOTED_INCLUDE_IN_FRAMEWORK_HEADER = YES;
				CLANG_WARN_RANGE_LOOP_ANALYSIS = YES;
				CLANG_WARN_STRICT_PROTOTYPES = YES;
				CLANG_WARN_SUSPICIOUS_MOVE = YES;
				CLANG_WARN_UNGUARDED_AVAILABILITY = YES_AGGRESSIVE;
				CLANG_WARN_UNREACHABLE_CODE = YES;
				CLANG_WARN__DUPLICATE_METHOD_MATCH = YES;
				COPY_PHASE_STRIP = NO;
				DEBUG_INFORMATION_FORMAT = dwarf;
				ENABLE_STRICT_OBJC_MSGSEND = YES;
				ENABLE_TESTABILITY = YES;
				ENABLE_USER_SCRIPT_SANDBOXING = NO;
				GCC_C_LANGUAGE_STANDARD = gnu11;
				GCC_DYNAMIC_NO_PIC = NO;
				GCC_NO_COMMON_BLOCKS = YES;
				GCC_OPTIMIZATION_LEVEL = 0;
				GCC_PREPROCESSOR_DEFINITIONS = (
					"DEBUG=1",
					"$(inherited)",
				);
				GCC_WARN_64_TO_32_BIT_CONVERSION = YES;
				GCC_WARN_ABOUT_RETURN_TYPE = YES_ERROR;
				GCC_WARN_UNDECLARED_SELECTOR = YES;
				GCC_WARN_UNINITIALIZED_AUTOS = YES_AGGRESSIVE;
				GCC_WARN_UNUSED_FUNCTION = YES;
				GCC_WARN_UNUSED_VARIABLE = YES;
				IPHONEOS_DEPLOYMENT_TARGET = 16.0;
				MTL_ENABLE_DEBUG_INFO = INCLUDE_SOURCE;
				MTL_FAST_MATH = YES;
				ONLY_ACTIVE_ARCH = YES;
				SDKROOT = iphoneos;
				SWIFT_ACTIVE_COMPILATION_CONDITIONS = DEBUG;
				SWIFT_OPTIMIZATION_LEVEL = "-Onone";
			};
			name = Debug;
		};
		C05610522A5C78CB007FB970 /* Release */ = {
			isa = XCBuildConfiguration;
			buildSettings = {
				ALWAYS_SEARCH_USER_PATHS = NO;
				CLANG_ANALYZER_NONNULL = YES;
				CLANG_ANALYZER_NUMBER_OBJECT_CONVERSION = YES_AGGRESSIVE;
				CLANG_CXX_LANGUAGE_STANDARD = "gnu++20";
				CLANG_ENABLE_MODULES = YES;
				CLANG_ENABLE_OBJC_ARC = YES;
				CLANG_ENABLE_OBJC_WEAK = YES;
				CLANG_WARN_BLOCK_CAPTURE_AUTORELEASING = YES;
				CLANG_WARN_BOOL_CONVERSION = YES;
				CLANG_WARN_COMMA = YES;
				CLANG_WARN_CONSTANT_CONVERSION = YES;
				CLANG_WARN_DEPRECATED_OBJC_IMPLEMENTATIONS = YES;
				CLANG_WARN_DIRECT_OBJC_ISA_USAGE = YES_ERROR;
				CLANG_WARN_DOCUMENTATION_COMMENTS = YES;
				CLANG_WARN_EMPTY_BODY = YES;
				CLANG_WARN_ENUM_CONVERSION = YES;
				CLANG_WARN_INFINITE_RECURSION = YES;
				CLANG_WARN_INT_CONVERSION = YES;
				CLANG_WARN_NON_LITERAL_NULL_CONVERSION = YES;
				CLANG_WARN_OBJC_IMPLICIT_RETAIN_SELF = YES;
				CLANG_WARN_OBJC_LITERAL_CONVERSION = YES;
				CLANG_WARN_OBJC_ROOT_CLASS = YES_ERROR;
				CLANG_WARN_QUOTED_INCLUDE_IN_FRAMEWORK_HEADER = YES;
				CLANG_WARN_RANGE_LOOP_ANALYSIS = YES;
				CLANG_WARN_STRICT_PROTOTYPES = YES;
				CLANG_WARN_SUSPICIOUS_MOVE = YES;
				CLANG_WARN_UNGUARDED_AVAILABILITY = YES_AGGRESSIVE;
				CLANG_WARN_UNREACHABLE_CODE = YES;
				CLANG_WARN__DUPLICATE_METHOD_MATCH = YES;
				COPY_PHASE_STRIP = NO;
				DEBUG_INFORMATION_FORMAT = "dwarf-with-dsym";
				ENABLE_NS_ASSERTIONS = NO;
				ENABLE_STRICT_OBJC_MSGSEND = YES;
				ENABLE_USER_SCRIPT_SANDBOXING = NO;
				GCC_C_LANGUAGE_STANDARD = gnu11;
				GCC_NO_COMMON_BLOCKS = YES;
				GCC_WARN_64_TO_32_BIT_CONVERSION = YES;
				GCC_WARN_ABOUT_RETURN_TYPE = YES_ERROR;
				GCC_WARN_UNDECLARED_SELECTOR = YES;
				GCC_WARN_UNINITIALIZED_AUTOS = YES_AGGRESSIVE;
				GCC_WARN_UNUSED_FUNCTION = YES;
				GCC_WARN_UNUSED_VARIABLE = YES;
				IPHONEOS_DEPLOYMENT_TARGET = 16.0;
				MTL_ENABLE_DEBUG_INFO = NO;
				MTL_FAST_MATH = YES;
				SDKROOT = iphoneos;
				SWIFT_COMPILATION_MODE = wholemodule;
				SWIFT_OPTIMIZATION_LEVEL = "-O";
				VALIDATE_PRODUCT = YES;
			};
			name = Release;
		};
		C05610542A5C78CB007FB970 /* Debug */ = {
			isa = XCBuildConfiguration;
			buildSettings = {
				ASSETCATALOG_COMPILER_APPICON_NAME = AppIcon;
				ASSETCATALOG_COMPILER_GLOBAL_ACCENT_COLOR_NAME = AccentColor;
				CODE_SIGN_STYLE = Automatic;
				CURRENT_PROJECT_VERSION = 1;
				DEVELOPMENT_ASSET_PATHS = "\"Kulturmapa/Preview Content\"";
				DEVELOPMENT_TEAM = WJ82JM369V;
				ENABLE_PREVIEWS = YES;
				GENERATE_INFOPLIST_FILE = YES;
				INFOPLIST_KEY_CFBundleDisplayName = "Kultůrmapa";
				INFOPLIST_KEY_LSApplicationCategoryType = "public.app-category.travel";
				INFOPLIST_KEY_NSLocationAlwaysAndWhenInUseUsageDescription = "Povolení polohy k zobrazení míst kolem vás.";
				INFOPLIST_KEY_NSLocationWhenInUseUsageDescription = "Povolení polohy k zobrazení míst kolem vás.";
				INFOPLIST_KEY_UIApplicationSceneManifest_Generation = YES;
				INFOPLIST_KEY_UIApplicationSupportsIndirectInputEvents = YES;
				INFOPLIST_KEY_UILaunchScreen_Generation = YES;
				INFOPLIST_KEY_UISupportedInterfaceOrientations_iPad = "UIInterfaceOrientationPortrait UIInterfaceOrientationPortraitUpsideDown UIInterfaceOrientationLandscapeLeft UIInterfaceOrientationLandscapeRight";
				INFOPLIST_KEY_UISupportedInterfaceOrientations_iPhone = "UIInterfaceOrientationPortrait UIInterfaceOrientationLandscapeLeft UIInterfaceOrientationLandscapeRight";
				IPHONEOS_DEPLOYMENT_TARGET = 16.0;
				LD_RUNPATH_SEARCH_PATHS = (
					"$(inherited)",
					"@executable_path/Frameworks",
				);
				MARKETING_VERSION = 1.0;
				PRODUCT_BUNDLE_IDENTIFIER = com.berankovap;
				PRODUCT_NAME = "$(TARGET_NAME)";
				SWIFT_EMIT_LOC_STRINGS = YES;
				SWIFT_VERSION = 5.0;
				TARGETED_DEVICE_FAMILY = "1,2";
			};
			name = Debug;
		};
		C05610552A5C78CB007FB970 /* Release */ = {
			isa = XCBuildConfiguration;
			buildSettings = {
				ASSETCATALOG_COMPILER_APPICON_NAME = AppIcon;
				ASSETCATALOG_COMPILER_GLOBAL_ACCENT_COLOR_NAME = AccentColor;
				CODE_SIGN_STYLE = Automatic;
				CURRENT_PROJECT_VERSION = 1;
				DEVELOPMENT_ASSET_PATHS = "\"Kulturmapa/Preview Content\"";
				DEVELOPMENT_TEAM = WJ82JM369V;
				ENABLE_PREVIEWS = YES;
				GENERATE_INFOPLIST_FILE = YES;
				INFOPLIST_KEY_CFBundleDisplayName = "Kultůrmapa";
				INFOPLIST_KEY_LSApplicationCategoryType = "public.app-category.travel";
				INFOPLIST_KEY_NSLocationAlwaysAndWhenInUseUsageDescription = "Povolení polohy k zobrazení míst kolem vás.";
				INFOPLIST_KEY_NSLocationWhenInUseUsageDescription = "Povolení polohy k zobrazení míst kolem vás.";
				INFOPLIST_KEY_UIApplicationSceneManifest_Generation = YES;
				INFOPLIST_KEY_UIApplicationSupportsIndirectInputEvents = YES;
				INFOPLIST_KEY_UILaunchScreen_Generation = YES;
				INFOPLIST_KEY_UISupportedInterfaceOrientations_iPad = "UIInterfaceOrientationPortrait UIInterfaceOrientationPortraitUpsideDown UIInterfaceOrientationLandscapeLeft UIInterfaceOrientationLandscapeRight";
				INFOPLIST_KEY_UISupportedInterfaceOrientations_iPhone = "UIInterfaceOrientationPortrait UIInterfaceOrientationLandscapeLeft UIInterfaceOrientationLandscapeRight";
				IPHONEOS_DEPLOYMENT_TARGET = 16.0;
				LD_RUNPATH_SEARCH_PATHS = (
					"$(inherited)",
					"@executable_path/Frameworks",
				);
				MARKETING_VERSION = 1.0;
				PRODUCT_BUNDLE_IDENTIFIER = com.berankovap;
				PRODUCT_NAME = "$(TARGET_NAME)";
				SWIFT_EMIT_LOC_STRINGS = YES;
				SWIFT_VERSION = 5.0;
				TARGETED_DEVICE_FAMILY = "1,2";
			};
			name = Release;
		};
/* End XCBuildConfiguration section */

/* Begin XCConfigurationList section */
		C05610402A5C78CA007FB970 /* Build configuration list for PBXProject "Kulturmapa" */ = {
			isa = XCConfigurationList;
			buildConfigurations = (
				C05610512A5C78CB007FB970 /* Debug */,
				C05610522A5C78CB007FB970 /* Release */,
			);
			defaultConfigurationIsVisible = 0;
			defaultConfigurationName = Release;
		};
		C05610532A5C78CB007FB970 /* Build configuration list for PBXNativeTarget "Kulturmapa" */ = {
			isa = XCConfigurationList;
			buildConfigurations = (
				C05610542A5C78CB007FB970 /* Debug */,
				C05610552A5C78CB007FB970 /* Release */,
			);
			defaultConfigurationIsVisible = 0;
			defaultConfigurationName = Release;
		};
/* End XCConfigurationList section */

/* Begin XCRemoteSwiftPackageReference section */
		4465315A2A7ACE58001DF5C4 /* XCRemoteSwiftPackageReference "ActivityIndicatorView" */ = {
			isa = XCRemoteSwiftPackageReference;
			repositoryURL = "https://github.com/exyte/ActivityIndicatorView";
			requirement = {
				kind = upToNextMajorVersion;
				minimumVersion = 1.0.0;
			};
		};
/* End XCRemoteSwiftPackageReference section */

/* Begin XCSwiftPackageProductDependency section */
		4465315B2A7ACE58001DF5C4 /* ActivityIndicatorView */ = {
			isa = XCSwiftPackageProductDependency;
			package = 4465315A2A7ACE58001DF5C4 /* XCRemoteSwiftPackageReference "ActivityIndicatorView" */;
			productName = ActivityIndicatorView;
		};
/* End XCSwiftPackageProductDependency section */
	};
	rootObject = C056103D2A5C78CA007FB970 /* Project object */;
}
